
Microsoft Visual Studio Solution File, Format Version 12.00
# Visual Studio Version 17
VisualStudioVersion = 17.8.34525.116
MinimumVisualStudioVersion = 10.0.40219.1
Project("{FAE04EC0-301F-11D3-BF4B-00C04F79EFBC}") = "TelegramBotLab3", "TelegramBotLab3\TelegramBotLab3.csproj", "{B9E0DFA5-9D73-4719-9109-920862B2EF1A}"
EndProject
Global
	GlobalSection(SolutionConfigurationPlatforms) = preSolution
		Debug|Any CPU = Debug|Any CPU
		Release|Any CPU = Release|Any CPU
	EndGlobalSection
	GlobalSection(ProjectConfigurationPlatforms) = postSolution
		{B9E0DFA5-9D73-4719-9109-920862B2EF1A}.Debug|Any CPU.ActiveCfg = Debug|Any CPU
		{B9E0DFA5-9D73-4719-9109-920862B2EF1A}.Debug|Any CPU.Build.0 = Debug|Any CPU
		{B9E0DFA5-9D73-4719-9109-920862B2EF1A}.Release|Any CPU.ActiveCfg = Release|Any CPU
		{B9E0DFA5-9D73-4719-9109-920862B2EF1A}.Release|Any CPU.Build.0 = Release|Any CPU
	EndGlobalSection
	GlobalSection(SolutionProperties) = preSolution
		HideSolutionNode = FALSE
	EndGlobalSection
	GlobalSection(ExtensibilityGlobals) = postSolution
		SolutionGuid = {21AFA459-EB84-403C-AC3B-FF61B88BB2C9}
	EndGlobalSection
EndGlobal
